speakeasyVersion: 1.637.0
sources:
    my-source:
        sourceNamespace: my-source
        sourceRevisionDigest: sha256:688689fcf6212654a68aa1ece78c4b01b701cb59126281218413d2b4e9bfc06f
        sourceBlobDigest: sha256:f737cf0f01d7948dc401fef0325ae5a7cb3e60aaf9db65414af04aaab484a962
        tags:
            - latest
            - speakeasy-sdk-regen-1760659881
            - 1.0.0
targets:
    terraform:
        source: my-source
        sourceNamespace: my-source
        sourceRevisionDigest: sha256:688689fcf6212654a68aa1ece78c4b01b701cb59126281218413d2b4e9bfc06f
        sourceBlobDigest: sha256:f737cf0f01d7948dc401fef0325ae5a7cb3e60aaf9db65414af04aaab484a962
workflow:
    workflowVersion: 1.0.0
    speakeasyVersion: latest
    sources:
        my-source:
            inputs:
                - location: https://docs.api.epilot.io/target.yaml
            overlays:
                - location: overlay.yaml
            registry:
                location: registry.speakeasyapi.dev/epilot/epilot/my-source
    targets:
        terraform:
            target: terraform
            source: my-source
