speakeasyVersion: 1.761.8
sources:
    my-source:
        sourceNamespace: my-source
        sourceRevisionDigest: sha256:a27d4dae999644d4c7d49cb6c325f88e296166e75625bce497d25018c5ecd75b
        sourceBlobDigest: sha256:8437830da59ec34ac3e838da9642c82e0a47a768ed7fa37ab891adbe3dc9a892
        tags:
            - latest
            - 1.0.0
targets:
    terraform:
        source: my-source
        sourceNamespace: my-source
        sourceRevisionDigest: sha256:a27d4dae999644d4c7d49cb6c325f88e296166e75625bce497d25018c5ecd75b
        sourceBlobDigest: sha256:8437830da59ec34ac3e838da9642c82e0a47a768ed7fa37ab891adbe3dc9a892
workflow:
    workflowVersion: 1.0.0
    speakeasyVersion: latest
    sources:
        my-source:
            inputs:
                - location: https://docs.api.epilot.io/target.yaml
            overlays:
                - location: overlay.yaml
            registry:
                location: registry.speakeasyapi.dev/epilot/epilot/my-source
    targets:
        terraform:
            target: terraform
            source: my-source
